timestamp: '2025-12-16T08:41:58.534532'
repos:
  main:
    commit: fe78b939de92a7aed1c64c4443cde610d2675242
    tree: 5641cf8f694808ea7cf2525ab6e963d5e4d0e5cb
    is_dirty: true
data:
  raw_images: 1533d676ce84f044
config:
  _target_: builtins.print
  data_path: /tmp/tmpamr4er_i/data/raw/images.txt
  _snapshot_:
    data:
      raw_images: /tmp/tmpamr4er_i/data/raw/images.txt
  save_dir: outputs/exp/2025-12-16_08-41-58
