timestamp: '2025-12-16T08:48:04.793337'
repos:
  main:
    commit: 60cc1b3b3b2fbefab2646e14839d52f90a356a0e
    tree: 26db232648722bbab5ea43acd7a3e5b73d229a49
    is_dirty: true
data:
  raw_images: 1533d676ce84f044
config:
  _target_: test_snapshot_implementation.simple_train
  data_path: /tmp/tmpbe9dc_a7/data/raw/images.txt
  _snapshot_:
    data:
      raw_images: /tmp/tmpbe9dc_a7/data/raw/images.txt
  save_dir: outputs/exp/2025-12-16_08-48-04
