timestamp: '2025-12-16T08:43:59.750584'
repos:
  main:
    commit: 69bbe11ebb8cff4a12eeb1fb3ebaed22ecff39a8
    tree: 4a195c1948bb2ea8c1aa96d3645bbb862a802ec6
    is_dirty: true
data:
  raw_images: 1533d676ce84f044
config:
  _target_: test_snapshot_implementation.simple_train
  data_path: /tmp/tmpxxklo3pj/data/raw/images.txt
  _snapshot_:
    data:
      raw_images: /tmp/tmpxxklo3pj/data/raw/images.txt
  save_dir: outputs/exp/2025-12-16_08-43-59
